# This file is generated by running "yarn install" inside your project.
# Manual changes might be lost - proceed with caution!

__metadata:
  version: 8
  cacheKey: 10c0

"a@workspace:*, a@workspace:packages/a":
  version: 0.0.0-use.local
  resolution: "a@workspace:packages/a"
  dependencies:
    is-number: "npm:^7.0.0"
  languageName: unknown
  linkType: soft

"b@workspace:packages/b":
  version: 0.0.0-use.local
  resolution: "b@workspace:packages/b"
  dependencies:
    a: "workspace:*"
  languageName: unknown
  linkType: soft

"is-number@npm:^7.0.0":
  version: 7.0.0
  resolution: "is-number@npm:7.0.0"
  languageName: node
  linkType: hard

"minimist@npm:1.2.5":
  version: 1.2.5
  resolution: "minimist@npm:1.2.5"
  languageName: node
  linkType: hard

"root@workspace:.":
  version: 0.0.0-use.local
  resolution: "root@workspace:."
  dependencies:
    minimist: "npm:1.2.5"
  languageName: unknown
  linkType: soft
